// !$*UTF8*$!
{
	archiveVersion = 1;
	classes = {
	};
	objectVersion = 50;
	objects = {

/* Begin PBXBuildFile section */
		5E20570A262F100B0010DBFB /* CCAlertViewController.swift in Sources */ = {isa = PBXBuildFile; fileRef = 5E205709262F100B0010DBFB /* CCAlertViewController.swift */; };
		5E20570E262F10590010DBFB /* CCModalButton.swift in Sources */ = {isa = PBXBuildFile; fileRef = 5E20570D262F10590010DBFB /* CCModalButton.swift */; };
		5E205712262F10C20010DBFB /* CCBodyLabel.swift in Sources */ = {isa = PBXBuildFile; fileRef = 5E205711262F10C20010DBFB /* CCBodyLabel.swift */; };
		5E205719262F10E20010DBFB /* CCTitleLabel.swift in Sources */ = {isa = PBXBuildFile; fileRef = 5E205718262F10E20010DBFB /* CCTitleLabel.swift */; };
		5E20571D262F11370010DBFB /* CCContainerView.swift in Sources */ = {isa = PBXBuildFile; fileRef = 5E20571C262F11370010DBFB /* CCContainerView.swift */; };
		5E205724262F121F0010DBFB /* CCMenuButton.swift in Sources */ = {isa = PBXBuildFile; fileRef = 5E205723262F121F0010DBFB /* CCMenuButton.swift */; };
		5E20572B262F138A0010DBFB /* ViewController+Ext.swift in Sources */ = {isa = PBXBuildFile; fileRef = 5E20572A262F138A0010DBFB /* ViewController+Ext.swift */; };
		5E20572F262F17500010DBFB /* MenuDelegate.swift in Sources */ = {isa = PBXBuildFile; fileRef = 5E20572E262F17500010DBFB /* MenuDelegate.swift */; };
		5E205738262F1C0A0010DBFB /* CCMenuButtonTests.swift in Sources */ = {isa = PBXBuildFile; fileRef = 5E205737262F1C0A0010DBFB /* CCMenuButtonTests.swift */; };
		5E525C492629E8AC000601B4 /* CCRecentreButton.swift in Sources */ = {isa = PBXBuildFile; fileRef = 5E525C482629E8AC000601B4 /* CCRecentreButton.swift */; };
		5E525C4F2629FAAD000601B4 /* CCMapViewDelegate.swift in Sources */ = {isa = PBXBuildFile; fileRef = 5E525C4E2629FAAD000601B4 /* CCMapViewDelegate.swift */; };
		5E560CFD262DA69A0045A7F5 /* FourSquareCredentials.plist in Resources */ = {isa = PBXBuildFile; fileRef = 5E560CFC262DA6990045A7F5 /* FourSquareCredentials.plist */; };
		5E560D0C262ECF6D0045A7F5 /* CCLocationManager.swift in Sources */ = {isa = PBXBuildFile; fileRef = 5E560D0B262ECF6D0045A7F5 /* CCLocationManager.swift */; };
		5E593034262F27BB007EDF65 /* MockCoffeeLocationNetworkManager.swift in Sources */ = {isa = PBXBuildFile; fileRef = 5E593033262F27BB007EDF65 /* MockCoffeeLocationNetworkManager.swift */; };
		5E59303A262F27E6007EDF65 /* MockNetworkDelegate.swift in Sources */ = {isa = PBXBuildFile; fileRef = 5E593039262F27E6007EDF65 /* MockNetworkDelegate.swift */; };
		5E59303E262F2803007EDF65 /* MockMenuDelegate.swift in Sources */ = {isa = PBXBuildFile; fileRef = 5E59303D262F2803007EDF65 /* MockMenuDelegate.swift */; };
		5E5B932F2624640B00DA8943 /* AppDelegate.swift in Sources */ = {isa = PBXBuildFile; fileRef = 5E5B932E2624640B00DA8943 /* AppDelegate.swift */; };
		5E5B93312624640B00DA8943 /* SceneDelegate.swift in Sources */ = {isa = PBXBuildFile; fileRef = 5E5B93302624640B00DA8943 /* SceneDelegate.swift */; };
		5E5B93362624640B00DA8943 /* Main.storyboard in Resources */ = {isa = PBXBuildFile; fileRef = 5E5B93342624640B00DA8943 /* Main.storyboard */; };
		5E5B93382624640E00DA8943 /* Assets.xcassets in Resources */ = {isa = PBXBuildFile; fileRef = 5E5B93372624640E00DA8943 /* Assets.xcassets */; };
		5E5B933B2624640E00DA8943 /* LaunchScreen.storyboard in Resources */ = {isa = PBXBuildFile; fileRef = 5E5B93392624640E00DA8943 /* LaunchScreen.storyboard */; };
		5E5B9369262465EB00DA8943 /* MapViewController.swift in Sources */ = {isa = PBXBuildFile; fileRef = 5E5B9368262465EB00DA8943 /* MapViewController.swift */; };
		5E5B93702624676B00DA8943 /* CCGetCoffeeButton.swift in Sources */ = {isa = PBXBuildFile; fileRef = 5E5B936F2624676B00DA8943 /* CCGetCoffeeButton.swift */; };
		5E5B938626248A8F00DA8943 /* CoffeeShopsModel.swift in Sources */ = {isa = PBXBuildFile; fileRef = 5E5B938526248A8F00DA8943 /* CoffeeShopsModel.swift */; };
		5E5B938F2624B47F00DA8943 /* FourSquareAPIModel.swift in Sources */ = {isa = PBXBuildFile; fileRef = 5E5B938E2624B47F00DA8943 /* FourSquareAPIModel.swift */; };
		5E5B93942624B7C800DA8943 /* CCErrors.swift in Sources */ = {isa = PBXBuildFile; fileRef = 5E5B93932624B7C800DA8943 /* CCErrors.swift */; };
		5E5FC9F926273E3000D71849 /* CCMapView.swift in Sources */ = {isa = PBXBuildFile; fileRef = 5E5FC9F826273E3000D71849 /* CCMapView.swift */; };
		5E5FCA012627481500D71849 /* CCImages.swift in Sources */ = {isa = PBXBuildFile; fileRef = 5E5FCA002627481500D71849 /* CCImages.swift */; };
		5E5FCA0726274C9F00D71849 /* CCMapAnnotationCoffeeView.swift in Sources */ = {isa = PBXBuildFile; fileRef = 5E5FCA0626274C9F00D71849 /* CCMapAnnotationCoffeeView.swift */; };
		5E5FCA33262768C400D71849 /* Double+Ext.swift in Sources */ = {isa = PBXBuildFile; fileRef = 5E5FCA32262768C400D71849 /* Double+Ext.swift */; };
		5E6D8335262F21FE007A49E0 /* MockMapViewPresenter.swift in Sources */ = {isa = PBXBuildFile; fileRef = 5E6D8334262F21FE007A49E0 /* MockMapViewPresenter.swift */; };
		5E6D8339262F22C9007A49E0 /* MapViewControllerTests.swift in Sources */ = {isa = PBXBuildFile; fileRef = 5E6D8338262F22C9007A49E0 /* MapViewControllerTests.swift */; };
		5EB3C15226289BAF001B5C6B /* MockURLProtocol.swift in Sources */ = {isa = PBXBuildFile; fileRef = 5EB3C15126289BAF001B5C6B /* MockURLProtocol.swift */; };
		5EB3C15B26289FFE001B5C6B /* FourSquareAPIStub.swift in Sources */ = {isa = PBXBuildFile; fileRef = 5EB3C15A26289FFE001B5C6B /* FourSquareAPIStub.swift */; };
		5EC8A342262860EA00012BBE /* CoffeeLocationNetworkManager.swift in Sources */ = {isa = PBXBuildFile; fileRef = 5EC8A341262860EA00012BBE /* CoffeeLocationNetworkManager.swift */; };
		5EC8A34D2628625800012BBE /* CoffeeLocationNetworkManagerDelegate.swift in Sources */ = {isa = PBXBuildFile; fileRef = 5EC8A34C2628625800012BBE /* CoffeeLocationNetworkManagerDelegate.swift */; };
		5EC8A3532628626100012BBE /* MapViewPresenterProtocol.swift in Sources */ = {isa = PBXBuildFile; fileRef = 5EC8A3512628626100012BBE /* MapViewPresenterProtocol.swift */; };
		5EC8A3542628626100012BBE /* MapViewPresenter.swift in Sources */ = {isa = PBXBuildFile; fileRef = 5EC8A3522628626100012BBE /* MapViewPresenter.swift */; };
		5EC8A3AB2628878300012BBE /* CoffeeLocationNetworkManagerTests.swift in Sources */ = {isa = PBXBuildFile; fileRef = 5EC8A3AA2628878300012BBE /* CoffeeLocationNetworkManagerTests.swift */; };
/* End PBXBuildFile section */

/* Begin PBXContainerItemProxy section */
		5EC8A3A3262881D100012BBE /* PBXContainerItemProxy */ = {
			isa = PBXContainerItemProxy;
			containerPortal = 5E5B93232624640B00DA8943 /* Project object */;
			proxyType = 1;
			remoteGlobalIDString = 5E5B932A2624640B00DA8943;
			remoteInfo = CoffeeCravin;
		};
/* End PBXContainerItemProxy section */

/* Begin PBXFileReference section */
		5E205709262F100B0010DBFB /* CCAlertViewController.swift */ = {isa = PBXFileReference; lastKnownFileType = sourcecode.swift; path = CCAlertViewController.swift; sourceTree = "<group>"; };
		5E20570D262F10590010DBFB /* CCModalButton.swift */ = {isa = PBXFileReference; lastKnownFileType = sourcecode.swift; path = CCModalButton.swift; sourceTree = "<group>"; };
		5E205711262F10C20010DBFB /* CCBodyLabel.swift */ = {isa = PBXFileReference; lastKnownFileType = sourcecode.swift; path = CCBodyLabel.swift; sourceTree = "<group>"; };
		5E205718262F10E20010DBFB /* CCTitleLabel.swift */ = {isa = PBXFileReference; lastKnownFileType = sourcecode.swift; path = CCTitleLabel.swift; sourceTree = "<group>"; };
		5E20571C262F11370010DBFB /* CCContainerView.swift */ = {isa = PBXFileReference; lastKnownFileType = sourcecode.swift; path = CCContainerView.swift; sourceTree = "<group>"; };
		5E205723262F121F0010DBFB /* CCMenuButton.swift */ = {isa = PBXFileReference; lastKnownFileType = sourcecode.swift; path = CCMenuButton.swift; sourceTree = "<group>"; };
		5E20572A262F138A0010DBFB /* ViewController+Ext.swift */ = {isa = PBXFileReference; lastKnownFileType = sourcecode.swift; path = "ViewController+Ext.swift"; sourceTree = "<group>"; };
		5E20572E262F17500010DBFB /* MenuDelegate.swift */ = {isa = PBXFileReference; lastKnownFileType = sourcecode.swift; path = MenuDelegate.swift; sourceTree = "<group>"; };
		5E205737262F1C0A0010DBFB /* CCMenuButtonTests.swift */ = {isa = PBXFileReference; lastKnownFileType = sourcecode.swift; path = CCMenuButtonTests.swift; sourceTree = "<group>"; };
		5E525C482629E8AC000601B4 /* CCRecentreButton.swift */ = {isa = PBXFileReference; lastKnownFileType = sourcecode.swift; path = CCRecentreButton.swift; sourceTree = "<group>"; };
		5E525C4E2629FAAD000601B4 /* CCMapViewDelegate.swift */ = {isa = PBXFileReference; lastKnownFileType = sourcecode.swift; path = CCMapViewDelegate.swift; sourceTree = "<group>"; };
		5E560CFC262DA6990045A7F5 /* FourSquareCredentials.plist */ = {isa = PBXFileReference; fileEncoding = 4; lastKnownFileType = text.plist.xml; name = FourSquareCredentials.plist; path = CoffeeCravin/Utilities/FourSquareCredentials.plist; sourceTree = SOURCE_ROOT; };
		5E560D0B262ECF6D0045A7F5 /* CCLocationManager.swift */ = {isa = PBXFileReference; lastKnownFileType = sourcecode.swift; name = CCLocationManager.swift; path = CoffeeCravin/Managers/CCLocationManager.swift; sourceTree = SOURCE_ROOT; };
		5E593033262F27BB007EDF65 /* MockCoffeeLocationNetworkManager.swift */ = {isa = PBXFileReference; lastKnownFileType = sourcecode.swift; path = MockCoffeeLocationNetworkManager.swift; sourceTree = "<group>"; };
		5E593039262F27E6007EDF65 /* MockNetworkDelegate.swift */ = {isa = PBXFileReference; lastKnownFileType = sourcecode.swift; path = MockNetworkDelegate.swift; sourceTree = "<group>"; };
		5E59303D262F2803007EDF65 /* MockMenuDelegate.swift */ = {isa = PBXFileReference; lastKnownFileType = sourcecode.swift; path = MockMenuDelegate.swift; sourceTree = "<group>"; };
		5E5B932B2624640B00DA8943 /* CoffeeCravin.app */ = {isa = PBXFileReference; explicitFileType = wrapper.application; includeInIndex = 0; path = CoffeeCravin.app; sourceTree = BUILT_PRODUCTS_DIR; };
		5E5B932E2624640B00DA8943 /* AppDelegate.swift */ = {isa = PBXFileReference; lastKnownFileType = sourcecode.swift; path = AppDelegate.swift; sourceTree = "<group>"; };
		5E5B93302624640B00DA8943 /* SceneDelegate.swift */ = {isa = PBXFileReference; lastKnownFileType = sourcecode.swift; path = SceneDelegate.swift; sourceTree = "<group>"; };
		5E5B93352624640B00DA8943 /* Base */ = {isa = PBXFileReference; lastKnownFileType = file.storyboard; name = Base; path = Base.lproj/Main.storyboard; sourceTree = "<group>"; };
		5E5B93372624640E00DA8943 /* Assets.xcassets */ = {isa = PBXFileReference; lastKnownFileType = folder.assetcatalog; name = Assets.xcassets; path = CoffeeCravin/Support/Assets.xcassets; sourceTree = SOURCE_ROOT; };
		5E5B933A2624640E00DA8943 /* Base */ = {isa = PBXFileReference; lastKnownFileType = file.storyboard; name = Base; path = Base.lproj/LaunchScreen.storyboard; sourceTree = "<group>"; };
		5E5B933C2624640E00DA8943 /* Info.plist */ = {isa = PBXFileReference; lastKnownFileType = text.plist.xml; name = Info.plist; path = CoffeeCravin/Support/Info.plist; sourceTree = SOURCE_ROOT; };
		5E5B9368262465EB00DA8943 /* MapViewController.swift */ = {isa = PBXFileReference; lastKnownFileType = sourcecode.swift; path = MapViewController.swift; sourceTree = "<group>"; };
		5E5B936F2624676B00DA8943 /* CCGetCoffeeButton.swift */ = {isa = PBXFileReference; lastKnownFileType = sourcecode.swift; path = CCGetCoffeeButton.swift; sourceTree = "<group>"; };
		5E5B938526248A8F00DA8943 /* CoffeeShopsModel.swift */ = {isa = PBXFileReference; lastKnownFileType = sourcecode.swift; path = CoffeeShopsModel.swift; sourceTree = "<group>"; };
		5E5B938E2624B47F00DA8943 /* FourSquareAPIModel.swift */ = {isa = PBXFileReference; lastKnownFileType = sourcecode.swift; path = FourSquareAPIModel.swift; sourceTree = "<group>"; };
		5E5B93932624B7C800DA8943 /* CCErrors.swift */ = {isa = PBXFileReference; lastKnownFileType = sourcecode.swift; path = CCErrors.swift; sourceTree = "<group>"; };
		5E5FC9F826273E3000D71849 /* CCMapView.swift */ = {isa = PBXFileReference; lastKnownFileType = sourcecode.swift; path = CCMapView.swift; sourceTree = "<group>"; };
		5E5FCA002627481500D71849 /* CCImages.swift */ = {isa = PBXFileReference; lastKnownFileType = sourcecode.swift; path = CCImages.swift; sourceTree = "<group>"; };
		5E5FCA0626274C9F00D71849 /* CCMapAnnotationCoffeeView.swift */ = {isa = PBXFileReference; lastKnownFileType = sourcecode.swift; path = CCMapAnnotationCoffeeView.swift; sourceTree = "<group>"; };
		5E5FCA32262768C400D71849 /* Double+Ext.swift */ = {isa = PBXFileReference; lastKnownFileType = sourcecode.swift; path = "Double+Ext.swift"; sourceTree = "<group>"; };
		5E6D8334262F21FE007A49E0 /* MockMapViewPresenter.swift */ = {isa = PBXFileReference; lastKnownFileType = sourcecode.swift; path = MockMapViewPresenter.swift; sourceTree = "<group>"; };
		5E6D8338262F22C9007A49E0 /* MapViewControllerTests.swift */ = {isa = PBXFileReference; lastKnownFileType = sourcecode.swift; path = MapViewControllerTests.swift; sourceTree = "<group>"; };
		5EB3C15126289BAF001B5C6B /* MockURLProtocol.swift */ = {isa = PBXFileReference; lastKnownFileType = sourcecode.swift; path = MockURLProtocol.swift; sourceTree = "<group>"; };
		5EB3C15A26289FFE001B5C6B /* FourSquareAPIStub.swift */ = {isa = PBXFileReference; lastKnownFileType = sourcecode.swift; path = FourSquareAPIStub.swift; sourceTree = "<group>"; };
		5EC8A341262860EA00012BBE /* CoffeeLocationNetworkManager.swift */ = {isa = PBXFileReference; fileEncoding = 4; lastKnownFileType = sourcecode.swift; path = CoffeeLocationNetworkManager.swift; sourceTree = "<group>"; };
		5EC8A34C2628625800012BBE /* CoffeeLocationNetworkManagerDelegate.swift */ = {isa = PBXFileReference; fileEncoding = 4; lastKnownFileType = sourcecode.swift; path = CoffeeLocationNetworkManagerDelegate.swift; sourceTree = "<group>"; };
		5EC8A3512628626100012BBE /* MapViewPresenterProtocol.swift */ = {isa = PBXFileReference; fileEncoding = 4; lastKnownFileType = sourcecode.swift; path = MapViewPresenterProtocol.swift; sourceTree = "<group>"; };
		5EC8A3522628626100012BBE /* MapViewPresenter.swift */ = {isa = PBXFileReference; fileEncoding = 4; lastKnownFileType = sourcecode.swift; path = MapViewPresenter.swift; sourceTree = "<group>"; };
		5EC8A39E262881D100012BBE /* CoffeeCravinTestIng.xctest */ = {isa = PBXFileReference; explicitFileType = wrapper.cfbundle; includeInIndex = 0; path = CoffeeCravinTestIng.xctest; sourceTree = BUILT_PRODUCTS_DIR; };
		5EC8A3A2262881D100012BBE /* Info.plist */ = {isa = PBXFileReference; lastKnownFileType = text.plist.xml; path = Info.plist; sourceTree = "<group>"; };
		5EC8A3AA2628878300012BBE /* CoffeeLocationNetworkManagerTests.swift */ = {isa = PBXFileReference; lastKnownFileType = sourcecode.swift; path = CoffeeLocationNetworkManagerTests.swift; sourceTree = "<group>"; };
/* End PBXFileReference section */

/* Begin PBXFrameworksBuildPhase section */
		5E5B93282624640B00DA8943 /* Frameworks */ = {
			isa = PBXFrameworksBuildPhase;
			buildActionMask = 2147483647;
			files = (
			);
			runOnlyForDeploymentPostprocessing = 0;
		};
		5EC8A39B262881D100012BBE /* Frameworks */ = {
			isa = PBXFrameworksBuildPhase;
			buildActionMask = 2147483647;
			files = (
			);
			runOnlyForDeploymentPostprocessing = 0;
		};
/* End PBXFrameworksBuildPhase section */

/* Begin PBXGroup section */
		5E205715262F10C80010DBFB /* Labels */ = {
			isa = PBXGroup;
			children = (
				5E205711262F10C20010DBFB /* CCBodyLabel.swift */,
				5E205718262F10E20010DBFB /* CCTitleLabel.swift */,
			);
			path = Labels;
			sourceTree = "<group>";
		};
		5E205720262F113C0010DBFB /* Views */ = {
			isa = PBXGroup;
			children = (
				5E20571C262F11370010DBFB /* CCContainerView.swift */,
			);
			path = Views;
			sourceTree = "<group>";
		};
		5E205732262F1BBE0010DBFB /* Mocks */ = {
			isa = PBXGroup;
			children = (
				5EB3C15126289BAF001B5C6B /* MockURLProtocol.swift */,
				5EB3C15A26289FFE001B5C6B /* FourSquareAPIStub.swift */,
				5E6D8334262F21FE007A49E0 /* MockMapViewPresenter.swift */,
				5E593033262F27BB007EDF65 /* MockCoffeeLocationNetworkManager.swift */,
				5E593039262F27E6007EDF65 /* MockNetworkDelegate.swift */,
				5E59303D262F2803007EDF65 /* MockMenuDelegate.swift */,
			);
			path = Mocks;
			sourceTree = "<group>";
		};
		5E20573B262F1C120010DBFB /* Buttons */ = {
			isa = PBXGroup;
			children = (
				5E205737262F1C0A0010DBFB /* CCMenuButtonTests.swift */,
			);
			path = Buttons;
			sourceTree = "<group>";
		};
		5E525C182628CA6A000601B4 /* Protocols */ = {
			isa = PBXGroup;
			children = (
				5EC8A34C2628625800012BBE /* CoffeeLocationNetworkManagerDelegate.swift */,
				5EC8A3512628626100012BBE /* MapViewPresenterProtocol.swift */,
				5E525C4E2629FAAD000601B4 /* CCMapViewDelegate.swift */,
				5E20572E262F17500010DBFB /* MenuDelegate.swift */,
			);
			path = Protocols;
			sourceTree = "<group>";
		};
		5E525C192628CA76000601B4 /* Presenters */ = {
			isa = PBXGroup;
			children = (
				5EC8A3522628626100012BBE /* MapViewPresenter.swift */,
			);
			path = Presenters;
			sourceTree = "<group>";
		};
		5E560CFB262DA5400045A7F5 /* Support */ = {
			isa = PBXGroup;
			children = (
				5E5B932E2624640B00DA8943 /* AppDelegate.swift */,
				5E5B93302624640B00DA8943 /* SceneDelegate.swift */,
				5E5B93372624640E00DA8943 /* Assets.xcassets */,
				5E5B93392624640E00DA8943 /* LaunchScreen.storyboard */,
				5E5B933C2624640E00DA8943 /* Info.plist */,
			);
			path = Support;
			sourceTree = "<group>";
		};
		5E5B93222624640B00DA8943 = {
			isa = PBXGroup;
			children = (
				5E5B932D2624640B00DA8943 /* CoffeeCravin */,
				5EC8A39F262881D100012BBE /* CoffeeCravinTestIng */,
				5E5B932C2624640B00DA8943 /* Products */,
			);
			sourceTree = "<group>";
		};
		5E5B932C2624640B00DA8943 /* Products */ = {
			isa = PBXGroup;
			children = (
				5E5B932B2624640B00DA8943 /* CoffeeCravin.app */,
				5EC8A39E262881D100012BBE /* CoffeeCravinTestIng.xctest */,
			);
			name = Products;
			sourceTree = "<group>";
		};
		5E5B932D2624640B00DA8943 /* CoffeeCravin */ = {
			isa = PBXGroup;
			children = (
				5E5B936D262466F300DA8943 /* Managers */,
				5E525C182628CA6A000601B4 /* Protocols */,
				5E525C192628CA76000601B4 /* Presenters */,
				5E5B93642624650500DA8943 /* View */,
				5E5B938426248A7100DA8943 /* Models */,
				5E5B936E2624671900DA8943 /* UI */,
				5E8D288F2624C9550047598A /* Utilities */,
				5E560CFB262DA5400045A7F5 /* Support */,
				5E5FCA31262768AB00D71849 /* Extensions */,
			);
			path = CoffeeCravin;
			sourceTree = "<group>";
		};
		5E5B93642624650500DA8943 /* View */ = {
			isa = PBXGroup;
			children = (
				5E5B9368262465EB00DA8943 /* MapViewController.swift */,
				5E5B93342624640B00DA8943 /* Main.storyboard */,
				5E205709262F100B0010DBFB /* CCAlertViewController.swift */,
			);
			path = View;
			sourceTree = "<group>";
		};
		5E5B936D262466F300DA8943 /* Managers */ = {
			isa = PBXGroup;
			children = (
				5EC8A341262860EA00012BBE /* CoffeeLocationNetworkManager.swift */,
				5E560D0B262ECF6D0045A7F5 /* CCLocationManager.swift */,
			);
			path = Managers;
			sourceTree = "<group>";
		};
		5E5B936E2624671900DA8943 /* UI */ = {
			isa = PBXGroup;
			children = (
				5E5FC9F726273E0C00D71849 /* MapView */,
				5E5B93772624677000DA8943 /* Buttons */,
				5E205715262F10C80010DBFB /* Labels */,
				5E205720262F113C0010DBFB /* Views */,
			);
			path = UI;
			sourceTree = "<group>";
		};
		5E5B93772624677000DA8943 /* Buttons */ = {
			isa = PBXGroup;
			children = (
				5E5B936F2624676B00DA8943 /* CCGetCoffeeButton.swift */,
				5E525C482629E8AC000601B4 /* CCRecentreButton.swift */,
				5E20570D262F10590010DBFB /* CCModalButton.swift */,
				5E205723262F121F0010DBFB /* CCMenuButton.swift */,
			);
			path = Buttons;
			sourceTree = "<group>";
		};
		5E5B938426248A7100DA8943 /* Models */ = {
			isa = PBXGroup;
			children = (
				5E5B938526248A8F00DA8943 /* CoffeeShopsModel.swift */,
				5E5B938E2624B47F00DA8943 /* FourSquareAPIModel.swift */,
			);
			path = Models;
			sourceTree = "<group>";
		};
		5E5FC9F726273E0C00D71849 /* MapView */ = {
			isa = PBXGroup;
			children = (
				5E5FC9F826273E3000D71849 /* CCMapView.swift */,
				5E5FCA0626274C9F00D71849 /* CCMapAnnotationCoffeeView.swift */,
			);
			path = MapView;
			sourceTree = "<group>";
		};
		5E5FCA31262768AB00D71849 /* Extensions */ = {
			isa = PBXGroup;
			children = (
				5E5FCA32262768C400D71849 /* Double+Ext.swift */,
				5E20572A262F138A0010DBFB /* ViewController+Ext.swift */,
			);
			path = Extensions;
			sourceTree = "<group>";
		};
		5E8D288F2624C9550047598A /* Utilities */ = {
			isa = PBXGroup;
			children = (
				5E560CFC262DA6990045A7F5 /* FourSquareCredentials.plist */,
				5E5FCA002627481500D71849 /* CCImages.swift */,
				5E5B93932624B7C800DA8943 /* CCErrors.swift */,
			);
			path = Utilities;
			sourceTree = "<group>";
		};
		5EC8A39F262881D100012BBE /* CoffeeCravinTestIng */ = {
			isa = PBXGroup;
			children = (
				5EC8A3A2262881D100012BBE /* Info.plist */,
				5E20573B262F1C120010DBFB /* Buttons */,
				5EC8A3AA2628878300012BBE /* CoffeeLocationNetworkManagerTests.swift */,
				5E6D8338262F22C9007A49E0 /* MapViewControllerTests.swift */,
				5E205732262F1BBE0010DBFB /* Mocks */,
			);
			path = CoffeeCravinTestIng;
			sourceTree = "<group>";
		};
/* End PBXGroup section */

/* Begin PBXNativeTarget section */
		5E5B932A2624640B00DA8943 /* CoffeeCravin */ = {
			isa = PBXNativeTarget;
			buildConfigurationList = 5E5B93552624640F00DA8943 /* Build configuration list for PBXNativeTarget "CoffeeCravin" */;
			buildPhases = (
				5E5B93272624640B00DA8943 /* Sources */,
				5E5B93282624640B00DA8943 /* Frameworks */,
				5E5B93292624640B00DA8943 /* Resources */,
			);
			buildRules = (
			);
			dependencies = (
			);
			name = CoffeeCravin;
			productName = CoffeeCravin;
			productReference = 5E5B932B2624640B00DA8943 /* CoffeeCravin.app */;
			productType = "com.apple.product-type.application";
		};
		5EC8A39D262881D100012BBE /* CoffeeCravinTestIng */ = {
			isa = PBXNativeTarget;
			buildConfigurationList = 5EC8A3A5262881D100012BBE /* Build configuration list for PBXNativeTarget "CoffeeCravinTestIng" */;
			buildPhases = (
				5EC8A39A262881D100012BBE /* Sources */,
				5EC8A39B262881D100012BBE /* Frameworks */,
				5EC8A39C262881D100012BBE /* Resources */,
			);
			buildRules = (
			);
			dependencies = (
				5EC8A3A4262881D100012BBE /* PBXTargetDependency */,
			);
			name = CoffeeCravinTestIng;
			productName = CoffeeCravinTestIng;
			productReference = 5EC8A39E262881D100012BBE /* CoffeeCravinTestIng.xctest */;
			productType = "com.apple.product-type.bundle.unit-test";
		};
/* End PBXNativeTarget section */

/* Begin PBXProject section */
		5E5B93232624640B00DA8943 /* Project object */ = {
			isa = PBXProject;
			attributes = {
				LastSwiftUpdateCheck = 1240;
				LastUpgradeCheck = 1240;
				TargetAttributes = {
					5E5B932A2624640B00DA8943 = {
						CreatedOnToolsVersion = 12.4;
					};
					5EC8A39D262881D100012BBE = {
						CreatedOnToolsVersion = 12.4;
						TestTargetID = 5E5B932A2624640B00DA8943;
					};
				};
			};
			buildConfigurationList = 5E5B93262624640B00DA8943 /* Build configuration list for PBXProject "CoffeeCravin" */;
			compatibilityVersion = "Xcode 9.3";
			developmentRegion = en;
			hasScannedForEncodings = 0;
			knownRegions = (
				en,
				Base,
			);
			mainGroup = 5E5B93222624640B00DA8943;
			productRefGroup = 5E5B932C2624640B00DA8943 /* Products */;
			projectDirPath = "";
			projectRoot = "";
			targets = (
				5E5B932A2624640B00DA8943 /* CoffeeCravin */,
				5EC8A39D262881D100012BBE /* CoffeeCravinTestIng */,
			);
		};
/* End PBXProject section */

/* Begin PBXResourcesBuildPhase section */
		5E5B93292624640B00DA8943 /* Resources */ = {
			isa = PBXResourcesBuildPhase;
			buildActionMask = 2147483647;
			files = (
				5E5B933B2624640E00DA8943 /* LaunchScreen.storyboard in Resources */,
				5E5B93382624640E00DA8943 /* Assets.xcassets in Resources */,
				5E5B93362624640B00DA8943 /* Main.storyboard in Resources */,
				5E560CFD262DA69A0045A7F5 /* FourSquareCredentials.plist in Resources */,
			);
			runOnlyForDeploymentPostprocessing = 0;
		};
		5EC8A39C262881D100012BBE /* Resources */ = {
			isa = PBXResourcesBuildPhase;
			buildActionMask = 2147483647;
			files = (
			);
			runOnlyForDeploymentPostprocessing = 0;
		};
/* End PBXResourcesBuildPhase section */

/* Begin PBXSourcesBuildPhase section */
		5E5B93272624640B00DA8943 /* Sources */ = {
			isa = PBXSourcesBuildPhase;
			buildActionMask = 2147483647;
			files = (
				5E5B93702624676B00DA8943 /* CCGetCoffeeButton.swift in Sources */,
				5E20572F262F17500010DBFB /* MenuDelegate.swift in Sources */,
				5E525C492629E8AC000601B4 /* CCRecentreButton.swift in Sources */,
				5E5B938626248A8F00DA8943 /* CoffeeShopsModel.swift in Sources */,
				5EC8A3542628626100012BBE /* MapViewPresenter.swift in Sources */,
				5E205724262F121F0010DBFB /* CCMenuButton.swift in Sources */,
				5EC8A34D2628625800012BBE /* CoffeeLocationNetworkManagerDelegate.swift in Sources */,
				5E5FCA33262768C400D71849 /* Double+Ext.swift in Sources */,
				5E5B932F2624640B00DA8943 /* AppDelegate.swift in Sources */,
				5E5FCA0726274C9F00D71849 /* CCMapAnnotationCoffeeView.swift in Sources */,
				5E5FC9F926273E3000D71849 /* CCMapView.swift in Sources */,
				5E20570E262F10590010DBFB /* CCModalButton.swift in Sources */,
				5E5B93942624B7C800DA8943 /* CCErrors.swift in Sources */,
				5E5B938F2624B47F00DA8943 /* FourSquareAPIModel.swift in Sources */,
				5E5FCA012627481500D71849 /* CCImages.swift in Sources */,
				5E20572B262F138A0010DBFB /* ViewController+Ext.swift in Sources */,
				5E5B9369262465EB00DA8943 /* MapViewController.swift in Sources */,
				5E5B93312624640B00DA8943 /* SceneDelegate.swift in Sources */,
				5E20570A262F100B0010DBFB /* CCAlertViewController.swift in Sources */,
				5EC8A342262860EA00012BBE /* CoffeeLocationNetworkManager.swift in Sources */,
				5E205712262F10C20010DBFB /* CCBodyLabel.swift in Sources */,
				5E525C4F2629FAAD000601B4 /* CCMapViewDelegate.swift in Sources */,
				5E205719262F10E20010DBFB /* CCTitleLabel.swift in Sources */,
				5E560D0C262ECF6D0045A7F5 /* CCLocationManager.swift in Sources */,
				5EC8A3532628626100012BBE /* MapViewPresenterProtocol.swift in Sources */,
				5E20571D262F11370010DBFB /* CCContainerView.swift in Sources */,
			);
			runOnlyForDeploymentPostprocessing = 0;
		};
		5EC8A39A262881D100012BBE /* Sources */ = {
			isa = PBXSourcesBuildPhase;
			buildActionMask = 2147483647;
			files = (
				5E205738262F1C0A0010DBFB /* CCMenuButtonTests.swift in Sources */,
				5EC8A3AB2628878300012BBE /* CoffeeLocationNetworkManagerTests.swift in Sources */,
				5E59303E262F2803007EDF65 /* MockMenuDelegate.swift in Sources */,
				5E6D8335262F21FE007A49E0 /* MockMapViewPresenter.swift in Sources */,
				5E59303A262F27E6007EDF65 /* MockNetworkDelegate.swift in Sources */,
				5E6D8339262F22C9007A49E0 /* MapViewControllerTests.swift in Sources */,
				5E593034262F27BB007EDF65 /* MockCoffeeLocationNetworkManager.swift in Sources */,
				5EB3C15226289BAF001B5C6B /* MockURLProtocol.swift in Sources */,
				5EB3C15B26289FFE001B5C6B /* FourSquareAPIStub.swift in Sources */,
			);
			runOnlyForDeploymentPostprocessing = 0;
		};
/* End PBXSourcesBuildPhase section */

/* Begin PBXTargetDependency section */
		5EC8A3A4262881D100012BBE /* PBXTargetDependency */ = {
			isa = PBXTargetDependency;
			target = 5E5B932A2624640B00DA8943 /* CoffeeCravin */;
			targetProxy = 5EC8A3A3262881D100012BBE /* PBXContainerItemProxy */;
		};
/* End PBXTargetDependency section */

/* Begin PBXVariantGroup section */
		5E5B93342624640B00DA8943 /* Main.storyboard */ = {
			isa = PBXVariantGroup;
			children = (
				5E5B93352624640B00DA8943 /* Base */,
			);
			name = Main.storyboard;
			sourceTree = "<group>";
		};
		5E5B93392624640E00DA8943 /* LaunchScreen.storyboard */ = {
			isa = PBXVariantGroup;
			children = (
				5E5B933A2624640E00DA8943 /* Base */,
			);
			name = LaunchScreen.storyboard;
			sourceTree = "<group>";
		};
/* End PBXVariantGroup section */

/* Begin XCBuildConfiguration section */
		5E5B93532624640F00DA8943 /* Debug */ = {
			isa = XCBuildConfiguration;
			buildSettings = {
				ALWAYS_SEARCH_USER_PATHS = NO;
				CLANG_ANALYZER_NONNULL = YES;
				CLANG_ANALYZER_NUMBER_OBJECT_CONVERSION = YES_AGGRESSIVE;
				CLANG_CXX_LANGUAGE_STANDARD = "gnu++14";
				CLANG_CXX_LIBRARY = "libc++";
				CLANG_ENABLE_MODULES = YES;
				CLANG_ENABLE_OBJC_ARC = YES;
				CLANG_ENABLE_OBJC_WEAK = YES;
				CLANG_WARN_BLOCK_CAPTURE_AUTORELEASING = YES;
				CLANG_WARN_BOOL_CONVERSION = YES;
				CLANG_WARN_COMMA = YES;
				CLANG_WARN_CONSTANT_CONVERSION = YES;
				CLANG_WARN_DEPRECATED_OBJC_IMPLEMENTATIONS = YES;
				CLANG_WARN_DIRECT_OBJC_ISA_USAGE = YES_ERROR;
				CLANG_WARN_DOCUMENTATION_COMMENTS = YES;
				CLANG_WARN_EMPTY_BODY = YES;
				CLANG_WARN_ENUM_CONVERSION = YES;
				CLANG_WARN_INFINITE_RECURSION = YES;
				CLANG_WARN_INT_CONVERSION = YES;
				CLANG_WARN_NON_LITERAL_NULL_CONVERSION = YES;
				CLANG_WARN_OBJC_IMPLICIT_RETAIN_SELF = YES;
				CLANG_WARN_OBJC_LITERAL_CONVERSION = YES;
				CLANG_WARN_OBJC_ROOT_CLASS = YES_ERROR;
				CLANG_WARN_QUOTED_INCLUDE_IN_FRAMEWORK_HEADER = YES;
				CLANG_WARN_RANGE_LOOP_ANALYSIS = YES;
				CLANG_WARN_STRICT_PROTOTYPES = YES;
				CLANG_WARN_SUSPICIOUS_MOVE = YES;
				CLANG_WARN_UNGUARDED_AVAILABILITY = YES_AGGRESSIVE;
				CLANG_WARN_UNREACHABLE_CODE = YES;
				CLANG_WARN__DUPLICATE_METHOD_MATCH = YES;
				COPY_PHASE_STRIP = NO;
				DEBUG_INFORMATION_FORMAT = dwarf;
				ENABLE_STRICT_OBJC_MSGSEND = YES;
				ENABLE_TESTABILITY = YES;
				GCC_C_LANGUAGE_STANDARD = gnu11;
				GCC_DYNAMIC_NO_PIC = NO;
				GCC_NO_COMMON_BLOCKS = YES;
				GCC_OPTIMIZATION_LEVEL = 0;
				GCC_PREPROCESSOR_DEFINITIONS = (
					"DEBUG=1",
					"$(inherited)",
				);
				GCC_WARN_64_TO_32_BIT_CONVERSION = YES;
				GCC_WARN_ABOUT_RETURN_TYPE = YES_ERROR;
				GCC_WARN_UNDECLARED_SELECTOR = YES;
				GCC_WARN_UNINITIALIZED_AUTOS = YES_AGGRESSIVE;
				GCC_WARN_UNUSED_FUNCTION = YES;
				GCC_WARN_UNUSED_VARIABLE = YES;
				IPHONEOS_DEPLOYMENT_TARGET = 14.4;
				MTL_ENABLE_DEBUG_INFO = INCLUDE_SOURCE;
				MTL_FAST_MATH = YES;
				ONLY_ACTIVE_ARCH = YES;
				SDKROOT = iphoneos;
				SWIFT_ACTIVE_COMPILATION_CONDITIONS = DEBUG;
				SWIFT_OPTIMIZATION_LEVEL = "-Onone";
			};
			name = Debug;
		};
		5E5B93542624640F00DA8943 /* Release */ = {
			isa = XCBuildConfiguration;
			buildSettings = {
				ALWAYS_SEARCH_USER_PATHS = NO;
				CLANG_ANALYZER_NONNULL = YES;
				CLANG_ANALYZER_NUMBER_OBJECT_CONVERSION = YES_AGGRESSIVE;
				CLANG_CXX_LANGUAGE_STANDARD = "gnu++14";
				CLANG_CXX_LIBRARY = "libc++";
				CLANG_ENABLE_MODULES = YES;
				CLANG_ENABLE_OBJC_ARC = YES;
				CLANG_ENABLE_OBJC_WEAK = YES;
				CLANG_WARN_BLOCK_CAPTURE_AUTORELEASING = YES;
				CLANG_WARN_BOOL_CONVERSION = YES;
				CLANG_WARN_COMMA = YES;
				CLANG_WARN_CONSTANT_CONVERSION = YES;
				CLANG_WARN_DEPRECATED_OBJC_IMPLEMENTATIONS = YES;
				CLANG_WARN_DIRECT_OBJC_ISA_USAGE = YES_ERROR;
				CLANG_WARN_DOCUMENTATION_COMMENTS = YES;
				CLANG_WARN_EMPTY_BODY = YES;
				CLANG_WARN_ENUM_CONVERSION = YES;
				CLANG_WARN_INFINITE_RECURSION = YES;
				CLANG_WARN_INT_CONVERSION = YES;
				CLANG_WARN_NON_LITERAL_NULL_CONVERSION = YES;
				CLANG_WARN_OBJC_IMPLICIT_RETAIN_SELF = YES;
				CLANG_WARN_OBJC_LITERAL_CONVERSION = YES;
				CLANG_WARN_OBJC_ROOT_CLASS = YES_ERROR;
				CLANG_WARN_QUOTED_INCLUDE_IN_FRAMEWORK_HEADER = YES;
				CLANG_WARN_RANGE_LOOP_ANALYSIS = YES;
				CLANG_WARN_STRICT_PROTOTYPES = YES;
				CLANG_WARN_SUSPICIOUS_MOVE = YES;
				CLANG_WARN_UNGUARDED_AVAILABILITY = YES_AGGRESSIVE;
				CLANG_WARN_UNREACHABLE_CODE = YES;
				CLANG_WARN__DUPLICATE_METHOD_MATCH = YES;
				COPY_PHASE_STRIP = NO;
				DEBUG_INFORMATION_FORMAT = "dwarf-with-dsym";
				ENABLE_NS_ASSERTIONS = NO;
				ENABLE_STRICT_OBJC_MSGSEND = YES;
				GCC_C_LANGUAGE_STANDARD = gnu11;
				GCC_NO_COMMON_BLOCKS = YES;
				GCC_WARN_64_TO_32_BIT_CONVERSION = YES;
				GCC_WARN_ABOUT_RETURN_TYPE = YES_ERROR;
				GCC_WARN_UNDECLARED_SELECTOR = YES;
				GCC_WARN_UNINITIALIZED_AUTOS = YES_AGGRESSIVE;
				GCC_WARN_UNUSED_FUNCTION = YES;
				GCC_WARN_UNUSED_VARIABLE = YES;
				IPHONEOS_DEPLOYMENT_TARGET = 14.4;
				MTL_ENABLE_DEBUG_INFO = NO;
				MTL_FAST_MATH = YES;
				SDKROOT = iphoneos;
				SWIFT_COMPILATION_MODE = wholemodule;
				SWIFT_OPTIMIZATION_LEVEL = "-O";
				VALIDATE_PRODUCT = YES;
			};
			name = Release;
		};
		5E5B93562624640F00DA8943 /* Debug */ = {
			isa = XCBuildConfiguration;
			buildSettings = {
				ASSETCATALOG_COMPILER_APPICON_NAME = AppIcon;
				ASSETCATALOG_COMPILER_GLOBAL_ACCENT_COLOR_NAME = AccentColor;
				CODE_SIGN_STYLE = Automatic;
				DEVELOPMENT_TEAM = 39K8Q3VFHM;
				INFOPLIST_FILE = CoffeeCravin/Support/Info.plist;
				LD_RUNPATH_SEARCH_PATHS = (
					"$(inherited)",
					"@executable_path/Frameworks",
				);
				PRODUCT_BUNDLE_IDENTIFIER = "com.roycroft-labs.CoffeeCravin";
				PRODUCT_NAME = "$(TARGET_NAME)";
				SWIFT_VERSION = 5.0;
				TARGETED_DEVICE_FAMILY = "1,2";
			};
			name = Debug;
		};
		5E5B93572624640F00DA8943 /* Release */ = {
			isa = XCBuildConfiguration;
			buildSettings = {
				ASSETCATALOG_COMPILER_APPICON_NAME = AppIcon;
				ASSETCATALOG_COMPILER_GLOBAL_ACCENT_COLOR_NAME = AccentColor;
				CODE_SIGN_STYLE = Automatic;
				DEVELOPMENT_TEAM = 39K8Q3VFHM;
				INFOPLIST_FILE = CoffeeCravin/Support/Info.plist;
				LD_RUNPATH_SEARCH_PATHS = (
					"$(inherited)",
					"@executable_path/Frameworks",
				);
				PRODUCT_BUNDLE_IDENTIFIER = "com.roycroft-labs.CoffeeCravin";
				PRODUCT_NAME = "$(TARGET_NAME)";
				SWIFT_VERSION = 5.0;
				TARGETED_DEVICE_FAMILY = "1,2";
			};
			name = Release;
		};
		5EC8A3A6262881D100012BBE /* Debug */ = {
			isa = XCBuildConfiguration;
			buildSettings = {
				BUNDLE_LOADER = "$(TEST_HOST)";
				CODE_SIGN_STYLE = Automatic;
				DEVELOPMENT_TEAM = 39K8Q3VFHM;
				INFOPLIST_FILE = CoffeeCravinTestIng/Info.plist;
				LD_RUNPATH_SEARCH_PATHS = (
					"$(inherited)",
					"@executable_path/Frameworks",
					"@loader_path/Frameworks",
				);
				PRODUCT_BUNDLE_IDENTIFIER = "com.roycroft-labs.CoffeeCravinTestIng";
				PRODUCT_NAME = "$(TARGET_NAME)";
				SWIFT_VERSION = 5.0;
				TARGETED_DEVICE_FAMILY = "1,2";
				TEST_HOST = "$(BUILT_PRODUCTS_DIR)/CoffeeCravin.app/CoffeeCravin";
			};
			name = Debug;
		};
		5EC8A3A7262881D100012BBE /* Release */ = {
			isa = XCBuildConfiguration;
			buildSettings = {
				BUNDLE_LOADER = "$(TEST_HOST)";
				CODE_SIGN_STYLE = Automatic;
				DEVELOPMENT_TEAM = 39K8Q3VFHM;
				INFOPLIST_FILE = CoffeeCravinTestIng/Info.plist;
				LD_RUNPATH_SEARCH_PATHS = (
					"$(inherited)",
					"@executable_path/Frameworks",
					"@loader_path/Frameworks",
				);
				PRODUCT_BUNDLE_IDENTIFIER = "com.roycroft-labs.CoffeeCravinTestIng";
				PRODUCT_NAME = "$(TARGET_NAME)";
				SWIFT_VERSION = 5.0;
				TARGETED_DEVICE_FAMILY = "1,2";
				TEST_HOST = "$(BUILT_PRODUCTS_DIR)/CoffeeCravin.app/CoffeeCravin";
			};
			name = Release;
		};
/* End XCBuildConfiguration section */

/* Begin XCConfigurationList section */
		5E5B93262624640B00DA8943 /* Build configuration list for PBXProject "CoffeeCravin" */ = {
			isa = XCConfigurationList;
			buildConfigurations = (
				5E5B93532624640F00DA8943 /* Debug */,
				5E5B93542624640F00DA8943 /* Release */,
			);
			defaultConfigurationIsVisible = 0;
			defaultConfigurationName = Release;
		};
		5E5B93552624640F00DA8943 /* Build configuration list for PBXNativeTarget "CoffeeCravin" */ = {
			isa = XCConfigurationList;
			buildConfigurations = (
				5E5B93562624640F00DA8943 /* Debug */,
				5E5B93572624640F00DA8943 /* Release */,
			);
			defaultConfigurationIsVisible = 0;
			defaultConfigurationName = Release;
		};
		5EC8A3A5262881D100012BBE /* Build configuration list for PBXNativeTarget "CoffeeCravinTestIng" */ = {
			isa = XCConfigurationList;
			buildConfigurations = (
				5EC8A3A6262881D100012BBE /* Debug */,
				5EC8A3A7262881D100012BBE /* Release */,
			);
			defaultConfigurationIsVisible = 0;
			defaultConfigurationName = Release;
		};
/* End XCConfigurationList section */
	};
	rootObject = 5E5B93232624640B00DA8943 /* Project object */;
}
